
Microsoft Visual Studio Solution File, Format Version 12.00
# Visual Studio 14
VisualStudioVersion = 14.0.25420.1
MinimumVisualStudioVersion = 10.0.40219.1
Project("{FAE04EC0-301F-11D3-BF4B-00C04F79EFBC}") = "SistemaGestionCEM.Tests", "SistemaGestionCEM.Tests\SistemaGestionCEM.Tests.csproj", "{E11119C4-1141-4405-9639-FD086192BE36}"
EndProject
Project("{FAE04EC0-301F-11D3-BF4B-00C04F79EFBC}") = "SistemaGestionCEM.Datos", "SistemaGestionCEM.Datos\SistemaGestionCEM.Datos.csproj", "{6E77FEDB-3793-466C-805B-BB1DFC5B4F36}"
EndProject
Project("{FAE04EC0-301F-11D3-BF4B-00C04F79EFBC}") = "SistemaGestionCEM.Presentacion", "SistemaGestionCEM.Presentacion\SistemaGestionCEM.Presentacion.csproj", "{9B4D18CB-98F9-4A49-AF48-6AD654FF272C}"
EndProject
Project("{FAE04EC0-301F-11D3-BF4B-00C04F79EFBC}") = "SistemaGestionCEM.Negocio", "SistemaGestionCEM.Negocio\SistemaGestionCEM.Negocio.csproj", "{C53514DA-38D6-4116-B220-AEAA71DD1FDE}"
EndProject
Global
	GlobalSection(SolutionConfigurationPlatforms) = preSolution
		Debug|Any CPU = Debug|Any CPU
		Release|Any CPU = Release|Any CPU
	EndGlobalSection
	GlobalSection(ProjectConfigurationPlatforms) = postSolution
		{E11119C4-1141-4405-9639-FD086192BE36}.Debug|Any CPU.ActiveCfg = Debug|Any CPU
		{E11119C4-1141-4405-9639-FD086192BE36}.Debug|Any CPU.Build.0 = Debug|Any CPU
		{E11119C4-1141-4405-9639-FD086192BE36}.Release|Any CPU.ActiveCfg = Release|Any CPU
		{E11119C4-1141-4405-9639-FD086192BE36}.Release|Any CPU.Build.0 = Release|Any CPU
		{6E77FEDB-3793-466C-805B-BB1DFC5B4F36}.Debug|Any CPU.ActiveCfg = Debug|Any CPU
		{6E77FEDB-3793-466C-805B-BB1DFC5B4F36}.Debug|Any CPU.Build.0 = Debug|Any CPU
		{6E77FEDB-3793-466C-805B-BB1DFC5B4F36}.Release|Any CPU.ActiveCfg = Release|Any CPU
		{6E77FEDB-3793-466C-805B-BB1DFC5B4F36}.Release|Any CPU.Build.0 = Release|Any CPU
		{9B4D18CB-98F9-4A49-AF48-6AD654FF272C}.Debug|Any CPU.ActiveCfg = Debug|Any CPU
		{9B4D18CB-98F9-4A49-AF48-6AD654FF272C}.Debug|Any CPU.Build.0 = Debug|Any CPU
		{9B4D18CB-98F9-4A49-AF48-6AD654FF272C}.Release|Any CPU.ActiveCfg = Release|Any CPU
		{9B4D18CB-98F9-4A49-AF48-6AD654FF272C}.Release|Any CPU.Build.0 = Release|Any CPU
		{C53514DA-38D6-4116-B220-AEAA71DD1FDE}.Debug|Any CPU.ActiveCfg = Debug|Any CPU
		{C53514DA-38D6-4116-B220-AEAA71DD1FDE}.Debug|Any CPU.Build.0 = Debug|Any CPU
		{C53514DA-38D6-4116-B220-AEAA71DD1FDE}.Release|Any CPU.ActiveCfg = Release|Any CPU
		{C53514DA-38D6-4116-B220-AEAA71DD1FDE}.Release|Any CPU.Build.0 = Release|Any CPU
	EndGlobalSection
	GlobalSection(SolutionProperties) = preSolution
		HideSolutionNode = FALSE
	EndGlobalSection
EndGlobal
